// !$*UTF8*$!
{
	archiveVersion = 1;
	classes = {
	};
	objectVersion = 50;
	objects = {

/* Begin PBXBuildFile section */
		B9DFE6DE4018901133C84A46 /* Pods_GeoChat.framework in Frameworks */ = {isa = PBXBuildFile; fileRef = 8A0431824AB5CFD213321261 /* Pods_GeoChat.framework */; };
		E51B15A822040F9500EE6164 /* AddChat.swift in Sources */ = {isa = PBXBuildFile; fileRef = E51B15A722040F9500EE6164 /* AddChat.swift */; };
		E51B15AA220428E300EE6164 /* ImageCollectionCell.swift in Sources */ = {isa = PBXBuildFile; fileRef = E51B15A9220428E300EE6164 /* ImageCollectionCell.swift */; };
		E51B15AC2204298500EE6164 /* ImageCollectionView.swift in Sources */ = {isa = PBXBuildFile; fileRef = E51B15AB2204298500EE6164 /* ImageCollectionView.swift */; };
		E5386415220FBA87009ABFC8 /* ChatView.swift in Sources */ = {isa = PBXBuildFile; fileRef = E5386414220FBA87009ABFC8 /* ChatView.swift */; };
		E5386417220FC413009ABFC8 /* ChatMessageCell.swift in Sources */ = {isa = PBXBuildFile; fileRef = E5386416220FC413009ABFC8 /* ChatMessageCell.swift */; };
		E542F23E221246F200CE8E70 /* ColorPicker.swift in Sources */ = {isa = PBXBuildFile; fileRef = E542F23D221246F200CE8E70 /* ColorPicker.swift */; };
		E54666CB2227703600C46D5C /* FriendsPickerTableView.swift in Sources */ = {isa = PBXBuildFile; fileRef = E54666CA2227703600C46D5C /* FriendsPickerTableView.swift */; };
		E54666CD2227773100C46D5C /* FriendsPickerCell.swift in Sources */ = {isa = PBXBuildFile; fileRef = E54666CC2227773100C46D5C /* FriendsPickerCell.swift */; };
		E553675A21FD5BC400894493 /* AppDelegate.swift in Sources */ = {isa = PBXBuildFile; fileRef = E553675921FD5BC400894493 /* AppDelegate.swift */; };
		E553675C21FD5BC500894493 /* MapView.swift in Sources */ = {isa = PBXBuildFile; fileRef = E553675B21FD5BC500894493 /* MapView.swift */; };
		E553675E21FD5BC500894493 /* LocalView.swift in Sources */ = {isa = PBXBuildFile; fileRef = E553675D21FD5BC500894493 /* LocalView.swift */; };
		E553676121FD5BC500894493 /* Main.storyboard in Resources */ = {isa = PBXBuildFile; fileRef = E553675F21FD5BC500894493 /* Main.storyboard */; };
		E553676621FD5BC800894493 /* LaunchScreen.storyboard in Resources */ = {isa = PBXBuildFile; fileRef = E553676421FD5BC800894493 /* LaunchScreen.storyboard */; };
		E553677121FD5BC900894493 /* GeoChatTests.swift in Sources */ = {isa = PBXBuildFile; fileRef = E553677021FD5BC900894493 /* GeoChatTests.swift */; };
		E553677C21FD5BC900894493 /* GeoChatUITests.swift in Sources */ = {isa = PBXBuildFile; fileRef = E553677B21FD5BC900894493 /* GeoChatUITests.swift */; };
		E553678A21FD5D3D00894493 /* Assets.xcassets in Resources */ = {isa = PBXBuildFile; fileRef = E553678921FD5D3D00894493 /* Assets.xcassets */; };
		E553678C21FD657800894493 /* LoginRegister.swift in Sources */ = {isa = PBXBuildFile; fileRef = E553678B21FD657800894493 /* LoginRegister.swift */; };
		E553678E21FD67CE00894493 /* Login.swift in Sources */ = {isa = PBXBuildFile; fileRef = E553678D21FD67CE00894493 /* Login.swift */; };
		E553679021FD67F400894493 /* Register.swift in Sources */ = {isa = PBXBuildFile; fileRef = E553678F21FD67F400894493 /* Register.swift */; };
		E556AE9B221FEEAE000DD14B /* Constants.swift in Sources */ = {isa = PBXBuildFile; fileRef = E556AE9A221FEEAE000DD14B /* Constants.swift */; };
		E556AE9D221FEFD0000DD14B /* .gitignore in Resources */ = {isa = PBXBuildFile; fileRef = E556AE9C221FEFD0000DD14B /* .gitignore */; };
		E55F38EC221FDE3800E98537 /* ProfileSettings.swift in Sources */ = {isa = PBXBuildFile; fileRef = E55F38EB221FDE3800E98537 /* ProfileSettings.swift */; };
		E56DCA4822162E2D00709C1F /* SubscribedView.swift in Sources */ = {isa = PBXBuildFile; fileRef = E56DCA4722162E2D00709C1F /* SubscribedView.swift */; };
		E56DCA4A2216339900709C1F /* SubscribedCell.swift in Sources */ = {isa = PBXBuildFile; fileRef = E56DCA492216339900709C1F /* SubscribedCell.swift */; };
		E5827DB92213978E005CCEB2 /* FriendsCell.swift in Sources */ = {isa = PBXBuildFile; fileRef = E5827DB82213978E005CCEB2 /* FriendsCell.swift */; };
		E5827DBD2213B203005CCEB2 /* FriendsTableView.swift in Sources */ = {isa = PBXBuildFile; fileRef = E5827DBC2213B203005CCEB2 /* FriendsTableView.swift */; };
		E5827DBF2213C388005CCEB2 /* AddFriends.swift in Sources */ = {isa = PBXBuildFile; fileRef = E5827DBE2213C388005CCEB2 /* AddFriends.swift */; };
		E5827DC12213C5AB005CCEB2 /* AddFriendsCell.swift in Sources */ = {isa = PBXBuildFile; fileRef = E5827DC02213C5AB005CCEB2 /* AddFriendsCell.swift */; };
		E585EA54221A7AD000C91437 /* ColorPicker_1Sample.swift in Sources */ = {isa = PBXBuildFile; fileRef = E585EA53221A7AD000C91437 /* ColorPicker_1Sample.swift */; };
		E5C9DD5122158A1D00977C5C /* RequestsTableView.swift in Sources */ = {isa = PBXBuildFile; fileRef = E5C9DD5022158A1D00977C5C /* RequestsTableView.swift */; };
		E5DE290F220E464000C82C27 /* ChatNameCell.swift in Sources */ = {isa = PBXBuildFile; fileRef = E5DE290E220E464000C82C27 /* ChatNameCell.swift */; };
		E5DE2911220E478100C82C27 /* TabBarController.swift in Sources */ = {isa = PBXBuildFile; fileRef = E5DE2910220E478100C82C27 /* TabBarController.swift */; };
/* End PBXBuildFile section */

/* Begin PBXContainerItemProxy section */
		E553676D21FD5BC900894493 /* PBXContainerItemProxy */ = {
			isa = PBXContainerItemProxy;
			containerPortal = E553674E21FD5BC400894493 /* Project object */;
			proxyType = 1;
			remoteGlobalIDString = E553675521FD5BC400894493;
			remoteInfo = GeoChat;
		};
		E553677821FD5BC900894493 /* PBXContainerItemProxy */ = {
			isa = PBXContainerItemProxy;
			containerPortal = E553674E21FD5BC400894493 /* Project object */;
			proxyType = 1;
			remoteGlobalIDString = E553675521FD5BC400894493;
			remoteInfo = GeoChat;
		};
/* End PBXContainerItemProxy section */

/* Begin PBXFileReference section */
		3CB531384ED16F677FA1D460 /* Pods-GeoChat.release.xcconfig */ = {isa = PBXFileReference; includeInIndex = 1; lastKnownFileType = text.xcconfig; name = "Pods-GeoChat.release.xcconfig"; path = "Pods/Target Support Files/Pods-GeoChat/Pods-GeoChat.release.xcconfig"; sourceTree = "<group>"; };
		8A0431824AB5CFD213321261 /* Pods_GeoChat.framework */ = {isa = PBXFileReference; explicitFileType = wrapper.framework; includeInIndex = 0; path = Pods_GeoChat.framework; sourceTree = BUILT_PRODUCTS_DIR; };
		E51B15A722040F9500EE6164 /* AddChat.swift */ = {isa = PBXFileReference; lastKnownFileType = sourcecode.swift; path = AddChat.swift; sourceTree = "<group>"; };
		E51B15A9220428E300EE6164 /* ImageCollectionCell.swift */ = {isa = PBXFileReference; lastKnownFileType = sourcecode.swift; path = ImageCollectionCell.swift; sourceTree = "<group>"; };
		E51B15AB2204298500EE6164 /* ImageCollectionView.swift */ = {isa = PBXFileReference; lastKnownFileType = sourcecode.swift; path = ImageCollectionView.swift; sourceTree = "<group>"; };
		E5386414220FBA87009ABFC8 /* ChatView.swift */ = {isa = PBXFileReference; lastKnownFileType = sourcecode.swift; path = ChatView.swift; sourceTree = "<group>"; };
		E5386416220FC413009ABFC8 /* ChatMessageCell.swift */ = {isa = PBXFileReference; lastKnownFileType = sourcecode.swift; path = ChatMessageCell.swift; sourceTree = "<group>"; };
		E542F23D221246F200CE8E70 /* ColorPicker.swift */ = {isa = PBXFileReference; lastKnownFileType = sourcecode.swift; path = ColorPicker.swift; sourceTree = "<group>"; };
		E54666CA2227703600C46D5C /* FriendsPickerTableView.swift */ = {isa = PBXFileReference; lastKnownFileType = sourcecode.swift; path = FriendsPickerTableView.swift; sourceTree = "<group>"; };
		E54666CC2227773100C46D5C /* FriendsPickerCell.swift */ = {isa = PBXFileReference; lastKnownFileType = sourcecode.swift; path = FriendsPickerCell.swift; sourceTree = "<group>"; };
		E553675621FD5BC400894493 /* GeoChat.app */ = {isa = PBXFileReference; explicitFileType = wrapper.application; includeInIndex = 0; path = GeoChat.app; sourceTree = BUILT_PRODUCTS_DIR; };
		E553675921FD5BC400894493 /* AppDelegate.swift */ = {isa = PBXFileReference; lastKnownFileType = sourcecode.swift; path = AppDelegate.swift; sourceTree = "<group>"; };
		E553675B21FD5BC500894493 /* MapView.swift */ = {isa = PBXFileReference; lastKnownFileType = sourcecode.swift; path = MapView.swift; sourceTree = "<group>"; };
		E553675D21FD5BC500894493 /* LocalView.swift */ = {isa = PBXFileReference; lastKnownFileType = sourcecode.swift; path = LocalView.swift; sourceTree = "<group>"; };
		E553676021FD5BC500894493 /* Base */ = {isa = PBXFileReference; lastKnownFileType = file.storyboard; name = Base; path = Base.lproj/Main.storyboard; sourceTree = "<group>"; };
		E553676521FD5BC800894493 /* Base */ = {isa = PBXFileReference; lastKnownFileType = file.storyboard; name = Base; path = Base.lproj/LaunchScreen.storyboard; sourceTree = "<group>"; };
		E553676721FD5BC800894493 /* Info.plist */ = {isa = PBXFileReference; lastKnownFileType = text.plist.xml; path = Info.plist; sourceTree = "<group>"; };
		E553676C21FD5BC900894493 /* GeoChatTests.xctest */ = {isa = PBXFileReference; explicitFileType = wrapper.cfbundle; includeInIndex = 0; path = GeoChatTests.xctest; sourceTree = BUILT_PRODUCTS_DIR; };
		E553677021FD5BC900894493 /* GeoChatTests.swift */ = {isa = PBXFileReference; lastKnownFileType = sourcecode.swift; path = GeoChatTests.swift; sourceTree = "<group>"; };
		E553677221FD5BC900894493 /* Info.plist */ = {isa = PBXFileReference; lastKnownFileType = text.plist.xml; path = Info.plist; sourceTree = "<group>"; };
		E553677721FD5BC900894493 /* GeoChatUITests.xctest */ = {isa = PBXFileReference; explicitFileType = wrapper.cfbundle; includeInIndex = 0; path = GeoChatUITests.xctest; sourceTree = BUILT_PRODUCTS_DIR; };
		E553677B21FD5BC900894493 /* GeoChatUITests.swift */ = {isa = PBXFileReference; lastKnownFileType = sourcecode.swift; path = GeoChatUITests.swift; sourceTree = "<group>"; };
		E553677D21FD5BC900894493 /* Info.plist */ = {isa = PBXFileReference; lastKnownFileType = text.plist.xml; path = Info.plist; sourceTree = "<group>"; };
		E553678921FD5D3D00894493 /* Assets.xcassets */ = {isa = PBXFileReference; lastKnownFileType = folder.assetcatalog; path = Assets.xcassets; sourceTree = "<group>"; };
		E553678B21FD657800894493 /* LoginRegister.swift */ = {isa = PBXFileReference; lastKnownFileType = sourcecode.swift; path = LoginRegister.swift; sourceTree = "<group>"; };
		E553678D21FD67CE00894493 /* Login.swift */ = {isa = PBXFileReference; lastKnownFileType = sourcecode.swift; path = Login.swift; sourceTree = "<group>"; };
		E553678F21FD67F400894493 /* Register.swift */ = {isa = PBXFileReference; lastKnownFileType = sourcecode.swift; path = Register.swift; sourceTree = "<group>"; };
		E556AE9A221FEEAE000DD14B /* Constants.swift */ = {isa = PBXFileReference; lastKnownFileType = sourcecode.swift; path = Constants.swift; sourceTree = "<group>"; };
		E556AE9C221FEFD0000DD14B /* .gitignore */ = {isa = PBXFileReference; lastKnownFileType = text; name = .gitignore; path = ../.gitignore; sourceTree = "<group>"; };
		E55F38EB221FDE3800E98537 /* ProfileSettings.swift */ = {isa = PBXFileReference; lastKnownFileType = sourcecode.swift; path = ProfileSettings.swift; sourceTree = "<group>"; };
		E56DCA4722162E2D00709C1F /* SubscribedView.swift */ = {isa = PBXFileReference; lastKnownFileType = sourcecode.swift; path = SubscribedView.swift; sourceTree = "<group>"; };
		E56DCA492216339900709C1F /* SubscribedCell.swift */ = {isa = PBXFileReference; lastKnownFileType = sourcecode.swift; path = SubscribedCell.swift; sourceTree = "<group>"; };
		E5827DB82213978E005CCEB2 /* FriendsCell.swift */ = {isa = PBXFileReference; lastKnownFileType = sourcecode.swift; path = FriendsCell.swift; sourceTree = "<group>"; };
		E5827DBC2213B203005CCEB2 /* FriendsTableView.swift */ = {isa = PBXFileReference; lastKnownFileType = sourcecode.swift; path = FriendsTableView.swift; sourceTree = "<group>"; };
		E5827DBE2213C388005CCEB2 /* AddFriends.swift */ = {isa = PBXFileReference; lastKnownFileType = sourcecode.swift; path = AddFriends.swift; sourceTree = "<group>"; };
		E5827DC02213C5AB005CCEB2 /* AddFriendsCell.swift */ = {isa = PBXFileReference; lastKnownFileType = sourcecode.swift; path = AddFriendsCell.swift; sourceTree = "<group>"; };
		E585EA53221A7AD000C91437 /* ColorPicker_1Sample.swift */ = {isa = PBXFileReference; lastKnownFileType = sourcecode.swift; path = ColorPicker_1Sample.swift; sourceTree = "<group>"; };
		E5C33BC62201F2E300C6886F /* GeoChat.entitlements */ = {isa = PBXFileReference; lastKnownFileType = text.plist.entitlements; path = GeoChat.entitlements; sourceTree = "<group>"; };
		E5C9DD5022158A1D00977C5C /* RequestsTableView.swift */ = {isa = PBXFileReference; lastKnownFileType = sourcecode.swift; path = RequestsTableView.swift; sourceTree = "<group>"; };
		E5DE290E220E464000C82C27 /* ChatNameCell.swift */ = {isa = PBXFileReference; lastKnownFileType = sourcecode.swift; path = ChatNameCell.swift; sourceTree = "<group>"; };
		E5DE2910220E478100C82C27 /* TabBarController.swift */ = {isa = PBXFileReference; lastKnownFileType = sourcecode.swift; path = TabBarController.swift; sourceTree = "<group>"; };
		F4F571431C5A01596DEC5B4F /* Pods-GeoChat.debug.xcconfig */ = {isa = PBXFileReference; includeInIndex = 1; lastKnownFileType = text.xcconfig; name = "Pods-GeoChat.debug.xcconfig"; path = "Pods/Target Support Files/Pods-GeoChat/Pods-GeoChat.debug.xcconfig"; sourceTree = "<group>"; };
/* End PBXFileReference section */

/* Begin PBXFrameworksBuildPhase section */
		E553675321FD5BC400894493 /* Frameworks */ = {
			isa = PBXFrameworksBuildPhase;
			buildActionMask = 2147483647;
			files = (
				B9DFE6DE4018901133C84A46 /* Pods_GeoChat.framework in Frameworks */,
			);
			runOnlyForDeploymentPostprocessing = 0;
		};
		E553676921FD5BC900894493 /* Frameworks */ = {
			isa = PBXFrameworksBuildPhase;
			buildActionMask = 2147483647;
			files = (
			);
			runOnlyForDeploymentPostprocessing = 0;
		};
		E553677421FD5BC900894493 /* Frameworks */ = {
			isa = PBXFrameworksBuildPhase;
			buildActionMask = 2147483647;
			files = (
			);
			runOnlyForDeploymentPostprocessing = 0;
		};
/* End PBXFrameworksBuildPhase section */

/* Begin PBXGroup section */
		230D377957F4BD8F3F7528AF /* Pods */ = {
			isa = PBXGroup;
			children = (
				F4F571431C5A01596DEC5B4F /* Pods-GeoChat.debug.xcconfig */,
				3CB531384ED16F677FA1D460 /* Pods-GeoChat.release.xcconfig */,
			);
			name = Pods;
			sourceTree = "<group>";
		};
		E553674D21FD5BC400894493 = {
			isa = PBXGroup;
			children = (
				E553675821FD5BC400894493 /* GeoChat */,
				E553676F21FD5BC900894493 /* GeoChatTests */,
				E553677A21FD5BC900894493 /* GeoChatUITests */,
				E553675721FD5BC400894493 /* Products */,
				230D377957F4BD8F3F7528AF /* Pods */,
				EBC491088B627C17D7C875B9 /* Frameworks */,
			);
			sourceTree = "<group>";
		};
		E553675721FD5BC400894493 /* Products */ = {
			isa = PBXGroup;
			children = (
				E553675621FD5BC400894493 /* GeoChat.app */,
				E553676C21FD5BC900894493 /* GeoChatTests.xctest */,
				E553677721FD5BC900894493 /* GeoChatUITests.xctest */,
			);
			name = Products;
			sourceTree = "<group>";
		};
		E553675821FD5BC400894493 /* GeoChat */ = {
			isa = PBXGroup;
			children = (
				E5C33BC62201F2E300C6886F /* GeoChat.entitlements */,
				E556AE9A221FEEAE000DD14B /* Constants.swift */,
				E553675921FD5BC400894493 /* AppDelegate.swift */,
				E553675B21FD5BC500894493 /* MapView.swift */,
				E553675D21FD5BC500894493 /* LocalView.swift */,
				E56DCA4722162E2D00709C1F /* SubscribedView.swift */,
				E553678B21FD657800894493 /* LoginRegister.swift */,
				E553678D21FD67CE00894493 /* Login.swift */,
				E553678F21FD67F400894493 /* Register.swift */,
				E553678921FD5D3D00894493 /* Assets.xcassets */,
				E553675F21FD5BC500894493 /* Main.storyboard */,
				E54666CC2227773100C46D5C /* FriendsPickerCell.swift */,
				E55F38EB221FDE3800E98537 /* ProfileSettings.swift */,
				E585EA53221A7AD000C91437 /* ColorPicker_1Sample.swift */,
				E56DCA492216339900709C1F /* SubscribedCell.swift */,
				E5C9DD5022158A1D00977C5C /* RequestsTableView.swift */,
				E5827DC02213C5AB005CCEB2 /* AddFriendsCell.swift */,
				E5827DBE2213C388005CCEB2 /* AddFriends.swift */,
				E5827DBC2213B203005CCEB2 /* FriendsTableView.swift */,
				E54666CA2227703600C46D5C /* FriendsPickerTableView.swift */,
				E5827DB82213978E005CCEB2 /* FriendsCell.swift */,
				E542F23D221246F200CE8E70 /* ColorPicker.swift */,
				E5386416220FC413009ABFC8 /* ChatMessageCell.swift */,
				E5386414220FBA87009ABFC8 /* ChatView.swift */,
				E5DE2910220E478100C82C27 /* TabBarController.swift */,
				E5DE290E220E464000C82C27 /* ChatNameCell.swift */,
				E51B15AB2204298500EE6164 /* ImageCollectionView.swift */,
				E51B15A9220428E300EE6164 /* ImageCollectionCell.swift */,
				E51B15A722040F9500EE6164 /* AddChat.swift */,
				E553676421FD5BC800894493 /* LaunchScreen.storyboard */,
				E553676721FD5BC800894493 /* Info.plist */,
				E556AE9C221FEFD0000DD14B /* .gitignore */,
			);
			path = GeoChat;
			sourceTree = "<group>";
		};
		E553676F21FD5BC900894493 /* GeoChatTests */ = {
			isa = PBXGroup;
			children = (
				E553677021FD5BC900894493 /* GeoChatTests.swift */,
				E553677221FD5BC900894493 /* Info.plist */,
			);
			path = GeoChatTests;
			sourceTree = "<group>";
		};
		E553677A21FD5BC900894493 /* GeoChatUITests */ = {
			isa = PBXGroup;
			children = (
				E553677B21FD5BC900894493 /* GeoChatUITests.swift */,
				E553677D21FD5BC900894493 /* Info.plist */,
			);
			path = GeoChatUITests;
			sourceTree = "<group>";
		};
		EBC491088B627C17D7C875B9 /* Frameworks */ = {
			isa = PBXGroup;
			children = (
				8A0431824AB5CFD213321261 /* Pods_GeoChat.framework */,
			);
			name = Frameworks;
			sourceTree = "<group>";
		};
/* End PBXGroup section */

/* Begin PBXNativeTarget section */
		E553675521FD5BC400894493 /* GeoChat */ = {
			isa = PBXNativeTarget;
			buildConfigurationList = E553678021FD5BC900894493 /* Build configuration list for PBXNativeTarget "GeoChat" */;
			buildPhases = (
				DD1751FB8EB81FFC4E7AF76E /* [CP] Check Pods Manifest.lock */,
				E553675221FD5BC400894493 /* Sources */,
				E553675321FD5BC400894493 /* Frameworks */,
				E553675421FD5BC400894493 /* Resources */,
				209053445093C57B7FFC54F5 /* [CP] Embed Pods Frameworks */,
				49A878743F1EF6BEF403B09E /* [CP] Copy Pods Resources */,
			);
			buildRules = (
			);
			dependencies = (
			);
			name = GeoChat;
			productName = GeoChat;
			productReference = E553675621FD5BC400894493 /* GeoChat.app */;
			productType = "com.apple.product-type.application";
		};
		E553676B21FD5BC900894493 /* GeoChatTests */ = {
			isa = PBXNativeTarget;
			buildConfigurationList = E553678321FD5BC900894493 /* Build configuration list for PBXNativeTarget "GeoChatTests" */;
			buildPhases = (
				E553676821FD5BC900894493 /* Sources */,
				E553676921FD5BC900894493 /* Frameworks */,
				E553676A21FD5BC900894493 /* Resources */,
			);
			buildRules = (
			);
			dependencies = (
				E553676E21FD5BC900894493 /* PBXTargetDependency */,
			);
			name = GeoChatTests;
			productName = GeoChatTests;
			productReference = E553676C21FD5BC900894493 /* GeoChatTests.xctest */;
			productType = "com.apple.product-type.bundle.unit-test";
		};
		E553677621FD5BC900894493 /* GeoChatUITests */ = {
			isa = PBXNativeTarget;
			buildConfigurationList = E553678621FD5BC900894493 /* Build configuration list for PBXNativeTarget "GeoChatUITests" */;
			buildPhases = (
				E553677321FD5BC900894493 /* Sources */,
				E553677421FD5BC900894493 /* Frameworks */,
				E553677521FD5BC900894493 /* Resources */,
			);
			buildRules = (
			);
			dependencies = (
				E553677921FD5BC900894493 /* PBXTargetDependency */,
			);
			name = GeoChatUITests;
			productName = GeoChatUITests;
			productReference = E553677721FD5BC900894493 /* GeoChatUITests.xctest */;
			productType = "com.apple.product-type.bundle.ui-testing";
		};
/* End PBXNativeTarget section */

/* Begin PBXProject section */
		E553674E21FD5BC400894493 /* Project object */ = {
			isa = PBXProject;
			attributes = {
				LastSwiftUpdateCheck = 1010;
				LastUpgradeCheck = 1010;
				ORGANIZATIONNAME = "Avery Pozzobon";
				TargetAttributes = {
					E553675521FD5BC400894493 = {
						CreatedOnToolsVersion = 10.1;
						SystemCapabilities = {
							com.apple.Push = {
								enabled = 1;
							};
						};
					};
					E553676B21FD5BC900894493 = {
						CreatedOnToolsVersion = 10.1;
						TestTargetID = E553675521FD5BC400894493;
					};
					E553677621FD5BC900894493 = {
						CreatedOnToolsVersion = 10.1;
						TestTargetID = E553675521FD5BC400894493;
					};
				};
			};
			buildConfigurationList = E553675121FD5BC400894493 /* Build configuration list for PBXProject "GeoChat" */;
			compatibilityVersion = "Xcode 9.3";
			developmentRegion = en;
			hasScannedForEncodings = 0;
			knownRegions = (
				en,
				Base,
			);
			mainGroup = E553674D21FD5BC400894493;
			productRefGroup = E553675721FD5BC400894493 /* Products */;
			projectDirPath = "";
			projectRoot = "";
			targets = (
				E553675521FD5BC400894493 /* GeoChat */,
				E553676B21FD5BC900894493 /* GeoChatTests */,
				E553677621FD5BC900894493 /* GeoChatUITests */,
			);
		};
/* End PBXProject section */

/* Begin PBXResourcesBuildPhase section */
		E553675421FD5BC400894493 /* Resources */ = {
			isa = PBXResourcesBuildPhase;
			buildActionMask = 2147483647;
			files = (
				E556AE9D221FEFD0000DD14B /* .gitignore in Resources */,
				E553676621FD5BC800894493 /* LaunchScreen.storyboard in Resources */,
				E553678A21FD5D3D00894493 /* Assets.xcassets in Resources */,
				E553676121FD5BC500894493 /* Main.storyboard in Resources */,
			);
			runOnlyForDeploymentPostprocessing = 0;
		};
		E553676A21FD5BC900894493 /* Resources */ = {
			isa = PBXResourcesBuildPhase;
			buildActionMask = 2147483647;
			files = (
			);
			runOnlyForDeploymentPostprocessing = 0;
		};
		E553677521FD5BC900894493 /* Resources */ = {
			isa = PBXResourcesBuildPhase;
			buildActionMask = 2147483647;
			files = (
			);
			runOnlyForDeploymentPostprocessing = 0;
		};
/* End PBXResourcesBuildPhase section */

/* Begin PBXShellScriptBuildPhase section */
		209053445093C57B7FFC54F5 /* [CP] Embed Pods Frameworks */ = {
			isa = PBXShellScriptBuildPhase;
			buildActionMask = 2147483647;
			files = (
			);
			inputPaths = (
				"${SRCROOT}/Pods/Target Support Files/Pods-GeoChat/Pods-GeoChat-frameworks.sh",
				"${BUILT_PRODUCTS_DIR}/Alamofire/Alamofire.framework",
				"${BUILT_PRODUCTS_DIR}/Starscream/Starscream.framework",
			);
			name = "[CP] Embed Pods Frameworks";
			outputPaths = (
				"${TARGET_BUILD_DIR}/${FRAMEWORKS_FOLDER_PATH}/Alamofire.framework",
				"${TARGET_BUILD_DIR}/${FRAMEWORKS_FOLDER_PATH}/Starscream.framework",
			);
			runOnlyForDeploymentPostprocessing = 0;
			shellPath = /bin/sh;
			shellScript = "\"${SRCROOT}/Pods/Target Support Files/Pods-GeoChat/Pods-GeoChat-frameworks.sh\"\n";
			showEnvVarsInLog = 0;
		};
		49A878743F1EF6BEF403B09E /* [CP] Copy Pods Resources */ = {
			isa = PBXShellScriptBuildPhase;
			buildActionMask = 2147483647;
			files = (
			);
			inputPaths = (
				"${SRCROOT}/Pods/Target Support Files/Pods-GeoChat/Pods-GeoChat-resources.sh",
				"${PODS_ROOT}/GoogleMaps/Maps/Frameworks/GoogleMaps.framework/Resources/GoogleMaps.bundle",
				"${PODS_ROOT}/GooglePlaces/Frameworks/GooglePlaces.framework/Resources/GooglePlaces.bundle",
			);
			name = "[CP] Copy Pods Resources";
			outputPaths = (
				"${TARGET_BUILD_DIR}/${UNLOCALIZED_RESOURCES_FOLDER_PATH}/GoogleMaps.bundle",
				"${TARGET_BUILD_DIR}/${UNLOCALIZED_RESOURCES_FOLDER_PATH}/GooglePlaces.bundle",
			);
			runOnlyForDeploymentPostprocessing = 0;
			shellPath = /bin/sh;
			shellScript = "\"${SRCROOT}/Pods/Target Support Files/Pods-GeoChat/Pods-GeoChat-resources.sh\"\n";
			showEnvVarsInLog = 0;
		};
		DD1751FB8EB81FFC4E7AF76E /* [CP] Check Pods Manifest.lock */ = {
			isa = PBXShellScriptBuildPhase;
			buildActionMask = 2147483647;
			files = (
			);
			inputPaths = (
				"${PODS_PODFILE_DIR_PATH}/Podfile.lock",
				"${PODS_ROOT}/Manifest.lock",
			);
			name = "[CP] Check Pods Manifest.lock";
			outputPaths = (
				"$(DERIVED_FILE_DIR)/Pods-GeoChat-checkManifestLockResult.txt",
			);
			runOnlyForDeploymentPostprocessing = 0;
			shellPath = /bin/sh;
			shellScript = "diff \"${PODS_PODFILE_DIR_PATH}/Podfile.lock\" \"${PODS_ROOT}/Manifest.lock\" > /dev/null\nif [ $? != 0 ] ; then\n    # print error to STDERR\n    echo \"error: The sandbox is not in sync with the Podfile.lock. Run 'pod install' or update your CocoaPods installation.\" >&2\n    exit 1\nfi\n# This output is used by Xcode 'outputs' to avoid re-running this script phase.\necho \"SUCCESS\" > \"${SCRIPT_OUTPUT_FILE_0}\"\n";
			showEnvVarsInLog = 0;
		};
/* End PBXShellScriptBuildPhase section */

/* Begin PBXSourcesBuildPhase section */
		E553675221FD5BC400894493 /* Sources */ = {
			isa = PBXSourcesBuildPhase;
			buildActionMask = 2147483647;
			files = (
				E553679021FD67F400894493 /* Register.swift in Sources */,
				E51B15AC2204298500EE6164 /* ImageCollectionView.swift in Sources */,
				E542F23E221246F200CE8E70 /* ColorPicker.swift in Sources */,
				E5DE2911220E478100C82C27 /* TabBarController.swift in Sources */,
				E54666CB2227703600C46D5C /* FriendsPickerTableView.swift in Sources */,
				E51B15A822040F9500EE6164 /* AddChat.swift in Sources */,
				E5386415220FBA87009ABFC8 /* ChatView.swift in Sources */,
				E54666CD2227773100C46D5C /* FriendsPickerCell.swift in Sources */,
				E553678C21FD657800894493 /* LoginRegister.swift in Sources */,
				E5827DB92213978E005CCEB2 /* FriendsCell.swift in Sources */,
				E5386417220FC413009ABFC8 /* ChatMessageCell.swift in Sources */,
				E5C9DD5122158A1D00977C5C /* RequestsTableView.swift in Sources */,
				E5827DBD2213B203005CCEB2 /* FriendsTableView.swift in Sources */,
				E5827DC12213C5AB005CCEB2 /* AddFriendsCell.swift in Sources */,
				E51B15AA220428E300EE6164 /* ImageCollectionCell.swift in Sources */,
				E585EA54221A7AD000C91437 /* ColorPicker_1Sample.swift in Sources */,
				E553678E21FD67CE00894493 /* Login.swift in Sources */,
				E5DE290F220E464000C82C27 /* ChatNameCell.swift in Sources */,
				E553675E21FD5BC500894493 /* LocalView.swift in Sources */,
				E55F38EC221FDE3800E98537 /* ProfileSettings.swift in Sources */,
				E56DCA4A2216339900709C1F /* SubscribedCell.swift in Sources */,
				E56DCA4822162E2D00709C1F /* SubscribedView.swift in Sources */,
				E553675A21FD5BC400894493 /* AppDelegate.swift in Sources */,
				E553675C21FD5BC500894493 /* MapView.swift in Sources */,
				E5827DBF2213C388005CCEB2 /* AddFriends.swift in Sources */,
				E556AE9B221FEEAE000DD14B /* Constants.swift in Sources */,
			);
			runOnlyForDeploymentPostprocessing = 0;
		};
		E553676821FD5BC900894493 /* Sources */ = {
			isa = PBXSourcesBuildPhase;
			buildActionMask = 2147483647;
			files = (
				E553677121FD5BC900894493 /* GeoChatTests.swift in Sources */,
			);
			runOnlyForDeploymentPostprocessing = 0;
		};
		E553677321FD5BC900894493 /* Sources */ = {
			isa = PBXSourcesBuildPhase;
			buildActionMask = 2147483647;
			files = (
				E553677C21FD5BC900894493 /* GeoChatUITests.swift in Sources */,
			);
			runOnlyForDeploymentPostprocessing = 0;
		};
/* End PBXSourcesBuildPhase section */

/* Begin PBXTargetDependency section */
		E553676E21FD5BC900894493 /* PBXTargetDependency */ = {
			isa = PBXTargetDependency;
			target = E553675521FD5BC400894493 /* GeoChat */;
			targetProxy = E553676D21FD5BC900894493 /* PBXContainerItemProxy */;
		};
		E553677921FD5BC900894493 /* PBXTargetDependency */ = {
			isa = PBXTargetDependency;
			target = E553675521FD5BC400894493 /* GeoChat */;
			targetProxy = E553677821FD5BC900894493 /* PBXContainerItemProxy */;
		};
/* End PBXTargetDependency section */

/* Begin PBXVariantGroup section */
		E553675F21FD5BC500894493 /* Main.storyboard */ = {
			isa = PBXVariantGroup;
			children = (
				E553676021FD5BC500894493 /* Base */,
			);
			name = Main.storyboard;
			sourceTree = "<group>";
		};
		E553676421FD5BC800894493 /* LaunchScreen.storyboard */ = {
			isa = PBXVariantGroup;
			children = (
				E553676521FD5BC800894493 /* Base */,
			);
			name = LaunchScreen.storyboard;
			sourceTree = "<group>";
		};
/* End PBXVariantGroup section */

/* Begin XCBuildConfiguration section */
		E553677E21FD5BC900894493 /* Debug */ = {
			isa = XCBuildConfiguration;
			buildSettings = {
				ALWAYS_SEARCH_USER_PATHS = NO;
				CLANG_ANALYZER_NONNULL = YES;
				CLANG_ANALYZER_NUMBER_OBJECT_CONVERSION = YES_AGGRESSIVE;
				CLANG_CXX_LANGUAGE_STANDARD = "gnu++14";
				CLANG_CXX_LIBRARY = "libc++";
				CLANG_ENABLE_MODULES = YES;
				CLANG_ENABLE_OBJC_ARC = YES;
				CLANG_ENABLE_OBJC_WEAK = YES;
				CLANG_WARN_BLOCK_CAPTURE_AUTORELEASING = YES;
				CLANG_WARN_BOOL_CONVERSION = YES;
				CLANG_WARN_COMMA = YES;
				CLANG_WARN_CONSTANT_CONVERSION = YES;
				CLANG_WARN_DEPRECATED_OBJC_IMPLEMENTATIONS = YES;
				CLANG_WARN_DIRECT_OBJC_ISA_USAGE = YES_ERROR;
				CLANG_WARN_DOCUMENTATION_COMMENTS = YES;
				CLANG_WARN_EMPTY_BODY = YES;
				CLANG_WARN_ENUM_CONVERSION = YES;
				CLANG_WARN_INFINITE_RECURSION = YES;
				CLANG_WARN_INT_CONVERSION = YES;
				CLANG_WARN_NON_LITERAL_NULL_CONVERSION = YES;
				CLANG_WARN_OBJC_IMPLICIT_RETAIN_SELF = YES;
				CLANG_WARN_OBJC_LITERAL_CONVERSION = YES;
				CLANG_WARN_OBJC_ROOT_CLASS = YES_ERROR;
				CLANG_WARN_RANGE_LOOP_ANALYSIS = YES;
				CLANG_WARN_STRICT_PROTOTYPES = YES;
				CLANG_WARN_SUSPICIOUS_MOVE = YES;
				CLANG_WARN_UNGUARDED_AVAILABILITY = YES_AGGRESSIVE;
				CLANG_WARN_UNREACHABLE_CODE = YES;
				CLANG_WARN__DUPLICATE_METHOD_MATCH = YES;
				CODE_SIGN_IDENTITY = "iPhone Developer";
				COPY_PHASE_STRIP = NO;
				DEBUG_INFORMATION_FORMAT = dwarf;
				ENABLE_STRICT_OBJC_MSGSEND = YES;
				ENABLE_TESTABILITY = YES;
				GCC_C_LANGUAGE_STANDARD = gnu11;
				GCC_DYNAMIC_NO_PIC = NO;
				GCC_NO_COMMON_BLOCKS = YES;
				GCC_OPTIMIZATION_LEVEL = 0;
				GCC_PREPROCESSOR_DEFINITIONS = (
					"DEBUG=1",
					"$(inherited)",
				);
				GCC_WARN_64_TO_32_BIT_CONVERSION = YES;
				GCC_WARN_ABOUT_RETURN_TYPE = YES_ERROR;
				GCC_WARN_UNDECLARED_SELECTOR = YES;
				GCC_WARN_UNINITIALIZED_AUTOS = YES_AGGRESSIVE;
				GCC_WARN_UNUSED_FUNCTION = YES;
				GCC_WARN_UNUSED_VARIABLE = YES;
				IPHONEOS_DEPLOYMENT_TARGET = 12.1;
				MTL_ENABLE_DEBUG_INFO = INCLUDE_SOURCE;
				MTL_FAST_MATH = YES;
				ONLY_ACTIVE_ARCH = YES;
				SDKROOT = iphoneos;
				SWIFT_ACTIVE_COMPILATION_CONDITIONS = DEBUG;
				SWIFT_OPTIMIZATION_LEVEL = "-Onone";
			};
			name = Debug;
		};
		E553677F21FD5BC900894493 /* Release */ = {
			isa = XCBuildConfiguration;
			buildSettings = {
				ALWAYS_SEARCH_USER_PATHS = NO;
				CLANG_ANALYZER_NONNULL = YES;
				CLANG_ANALYZER_NUMBER_OBJECT_CONVERSION = YES_AGGRESSIVE;
				CLANG_CXX_LANGUAGE_STANDARD = "gnu++14";
				CLANG_CXX_LIBRARY = "libc++";
				CLANG_ENABLE_MODULES = YES;
				CLANG_ENABLE_OBJC_ARC = YES;
				CLANG_ENABLE_OBJC_WEAK = YES;
				CLANG_WARN_BLOCK_CAPTURE_AUTORELEASING = YES;
				CLANG_WARN_BOOL_CONVERSION = YES;
				CLANG_WARN_COMMA = YES;
				CLANG_WARN_CONSTANT_CONVERSION = YES;
				CLANG_WARN_DEPRECATED_OBJC_IMPLEMENTATIONS = YES;
				CLANG_WARN_DIRECT_OBJC_ISA_USAGE = YES_ERROR;
				CLANG_WARN_DOCUMENTATION_COMMENTS = YES;
				CLANG_WARN_EMPTY_BODY = YES;
				CLANG_WARN_ENUM_CONVERSION = YES;
				CLANG_WARN_INFINITE_RECURSION = YES;
				CLANG_WARN_INT_CONVERSION = YES;
				CLANG_WARN_NON_LITERAL_NULL_CONVERSION = YES;
				CLANG_WARN_OBJC_IMPLICIT_RETAIN_SELF = YES;
				CLANG_WARN_OBJC_LITERAL_CONVERSION = YES;
				CLANG_WARN_OBJC_ROOT_CLASS = YES_ERROR;
				CLANG_WARN_RANGE_LOOP_ANALYSIS = YES;
				CLANG_WARN_STRICT_PROTOTYPES = YES;
				CLANG_WARN_SUSPICIOUS_MOVE = YES;
				CLANG_WARN_UNGUARDED_AVAILABILITY = YES_AGGRESSIVE;
				CLANG_WARN_UNREACHABLE_CODE = YES;
				CLANG_WARN__DUPLICATE_METHOD_MATCH = YES;
				CODE_SIGN_IDENTITY = "iPhone Developer";
				COPY_PHASE_STRIP = NO;
				DEBUG_INFORMATION_FORMAT = "dwarf-with-dsym";
				ENABLE_NS_ASSERTIONS = NO;
				ENABLE_STRICT_OBJC_MSGSEND = YES;
				GCC_C_LANGUAGE_STANDARD = gnu11;
				GCC_NO_COMMON_BLOCKS = YES;
				GCC_WARN_64_TO_32_BIT_CONVERSION = YES;
				GCC_WARN_ABOUT_RETURN_TYPE = YES_ERROR;
				GCC_WARN_UNDECLARED_SELECTOR = YES;
				GCC_WARN_UNINITIALIZED_AUTOS = YES_AGGRESSIVE;
				GCC_WARN_UNUSED_FUNCTION = YES;
				GCC_WARN_UNUSED_VARIABLE = YES;
				IPHONEOS_DEPLOYMENT_TARGET = 12.1;
				MTL_ENABLE_DEBUG_INFO = NO;
				MTL_FAST_MATH = YES;
				SDKROOT = iphoneos;
				SWIFT_COMPILATION_MODE = wholemodule;
				SWIFT_OPTIMIZATION_LEVEL = "-O";
				VALIDATE_PRODUCT = YES;
			};
			name = Release;
		};
		E553678121FD5BC900894493 /* Debug */ = {
			isa = XCBuildConfiguration;
			baseConfigurationReference = F4F571431C5A01596DEC5B4F /* Pods-GeoChat.debug.xcconfig */;
			buildSettings = {
				ASSETCATALOG_COMPILER_APPICON_NAME = AppIcon;
				CODE_SIGN_ENTITLEMENTS = GeoChat/GeoChat.entitlements;
				CODE_SIGN_STYLE = Automatic;
				DEVELOPMENT_TEAM = MG6XE6UDN5;
				INFOPLIST_FILE = GeoChat/Info.plist;
				LD_RUNPATH_SEARCH_PATHS = (
					"$(inherited)",
					"@executable_path/Frameworks",
				);
				PRODUCT_BUNDLE_IDENTIFIER = veriplat.GeoChat;
				PRODUCT_NAME = "$(TARGET_NAME)";
				SWIFT_VERSION = 4.2;
				TARGETED_DEVICE_FAMILY = "1,2";
			};
			name = Debug;
		};
		E553678221FD5BC900894493 /* Release */ = {
			isa = XCBuildConfiguration;
			baseConfigurationReference = 3CB531384ED16F677FA1D460 /* Pods-GeoChat.release.xcconfig */;
			buildSettings = {
				ASSETCATALOG_COMPILER_APPICON_NAME = AppIcon;
				CODE_SIGN_ENTITLEMENTS = GeoChat/GeoChat.entitlements;
				CODE_SIGN_STYLE = Automatic;
				DEVELOPMENT_TEAM = MG6XE6UDN5;
				INFOPLIST_FILE = GeoChat/Info.plist;
				LD_RUNPATH_SEARCH_PATHS = (
					"$(inherited)",
					"@executable_path/Frameworks",
				);
				PRODUCT_BUNDLE_IDENTIFIER = veriplat.GeoChat;
				PRODUCT_NAME = "$(TARGET_NAME)";
				SWIFT_VERSION = 4.2;
				TARGETED_DEVICE_FAMILY = "1,2";
			};
			name = Release;
		};
		E553678421FD5BC900894493 /* Debug */ = {
			isa = XCBuildConfiguration;
			buildSettings = {
				ALWAYS_EMBED_SWIFT_STANDARD_LIBRARIES = YES;
				BUNDLE_LOADER = "$(TEST_HOST)";
				CODE_SIGN_STYLE = Automatic;
				DEVELOPMENT_TEAM = MG6XE6UDN5;
				INFOPLIST_FILE = GeoChatTests/Info.plist;
				LD_RUNPATH_SEARCH_PATHS = (
					"$(inherited)",
					"@executable_path/Frameworks",
					"@loader_path/Frameworks",
				);
				PRODUCT_BUNDLE_IDENTIFIER = veriplat.GeoChatTests;
				PRODUCT_NAME = "$(TARGET_NAME)";
				SWIFT_VERSION = 4.2;
				TARGETED_DEVICE_FAMILY = "1,2";
				TEST_HOST = "$(BUILT_PRODUCTS_DIR)/GeoChat.app/GeoChat";
			};
			name = Debug;
		};
		E553678521FD5BC900894493 /* Release */ = {
			isa = XCBuildConfiguration;
			buildSettings = {
				ALWAYS_EMBED_SWIFT_STANDARD_LIBRARIES = YES;
				BUNDLE_LOADER = "$(TEST_HOST)";
				CODE_SIGN_STYLE = Automatic;
				DEVELOPMENT_TEAM = MG6XE6UDN5;
				INFOPLIST_FILE = GeoChatTests/Info.plist;
				LD_RUNPATH_SEARCH_PATHS = (
					"$(inherited)",
					"@executable_path/Frameworks",
					"@loader_path/Frameworks",
				);
				PRODUCT_BUNDLE_IDENTIFIER = veriplat.GeoChatTests;
				PRODUCT_NAME = "$(TARGET_NAME)";
				SWIFT_VERSION = 4.2;
				TARGETED_DEVICE_FAMILY = "1,2";
				TEST_HOST = "$(BUILT_PRODUCTS_DIR)/GeoChat.app/GeoChat";
			};
			name = Release;
		};
		E553678721FD5BC900894493 /* Debug */ = {
			isa = XCBuildConfiguration;
			buildSettings = {
				ALWAYS_EMBED_SWIFT_STANDARD_LIBRARIES = YES;
				CODE_SIGN_STYLE = Automatic;
				DEVELOPMENT_TEAM = MG6XE6UDN5;
				INFOPLIST_FILE = GeoChatUITests/Info.plist;
				LD_RUNPATH_SEARCH_PATHS = (
					"$(inherited)",
					"@executable_path/Frameworks",
					"@loader_path/Frameworks",
				);
				PRODUCT_BUNDLE_IDENTIFIER = veriplat.GeoChatUITests;
				PRODUCT_NAME = "$(TARGET_NAME)";
				SWIFT_VERSION = 4.2;
				TARGETED_DEVICE_FAMILY = "1,2";
				TEST_TARGET_NAME = GeoChat;
			};
			name = Debug;
		};
		E553678821FD5BC900894493 /* Release */ = {
			isa = XCBuildConfiguration;
			buildSettings = {
				ALWAYS_EMBED_SWIFT_STANDARD_LIBRARIES = YES;
				CODE_SIGN_STYLE = Automatic;
				DEVELOPMENT_TEAM = MG6XE6UDN5;
				INFOPLIST_FILE = GeoChatUITests/Info.plist;
				LD_RUNPATH_SEARCH_PATHS = (
					"$(inherited)",
					"@executable_path/Frameworks",
					"@loader_path/Frameworks",
				);
				PRODUCT_BUNDLE_IDENTIFIER = veriplat.GeoChatUITests;
				PRODUCT_NAME = "$(TARGET_NAME)";
				SWIFT_VERSION = 4.2;
				TARGETED_DEVICE_FAMILY = "1,2";
				TEST_TARGET_NAME = GeoChat;
			};
			name = Release;
		};
/* End XCBuildConfiguration section */

/* Begin XCConfigurationList section */
		E553675121FD5BC400894493 /* Build configuration list for PBXProject "GeoChat" */ = {
			isa = XCConfigurationList;
			buildConfigurations = (
				E553677E21FD5BC900894493 /* Debug */,
				E553677F21FD5BC900894493 /* Release */,
			);
			defaultConfigurationIsVisible = 0;
			defaultConfigurationName = Release;
		};
		E553678021FD5BC900894493 /* Build configuration list for PBXNativeTarget "GeoChat" */ = {
			isa = XCConfigurationList;
			buildConfigurations = (
				E553678121FD5BC900894493 /* Debug */,
				E553678221FD5BC900894493 /* Release */,
			);
			defaultConfigurationIsVisible = 0;
			defaultConfigurationName = Release;
		};
		E553678321FD5BC900894493 /* Build configuration list for PBXNativeTarget "GeoChatTests" */ = {
			isa = XCConfigurationList;
			buildConfigurations = (
				E553678421FD5BC900894493 /* Debug */,
				E553678521FD5BC900894493 /* Release */,
			);
			defaultConfigurationIsVisible = 0;
			defaultConfigurationName = Release;
		};
		E553678621FD5BC900894493 /* Build configuration list for PBXNativeTarget "GeoChatUITests" */ = {
			isa = XCConfigurationList;
			buildConfigurations = (
				E553678721FD5BC900894493 /* Debug */,
				E553678821FD5BC900894493 /* Release */,
			);
			defaultConfigurationIsVisible = 0;
			defaultConfigurationName = Release;
		};
/* End XCConfigurationList section */
	};
	rootObject = E553674E21FD5BC400894493 /* Project object */;
}
